{
  "name": "scrud",
  "version": "0.0.0",
  "lockfileVersion": 1,
  "requires": true,
  "dependencies": {
    "@miragejs/pretender-node-polyfill": {
      "version": "0.1.2",
      "resolved": "https://registry.npmjs.org/@miragejs/pretender-node-polyfill/-/pretender-node-polyfill-0.1.2.tgz",
      "integrity": "sha512-M/BexG/p05C5lFfMunxo/QcgIJnMT2vDVCd00wNqK2ImZONIlEETZwWJu1QtLxtmYlSHlCFl3JNzp0tLe7OJ5g=="
    },
    "@rollup/pluginutils": {
      "version": "4.1.0",
      "resolved": "https://registry.npmjs.org/@rollup/pluginutils/-/pluginutils-4.1.0.tgz",
      "integrity": "sha512-TrBhfJkFxA+ER+ew2U2/fHbebhLT/l/2pRk0hfj9KusXUuRXd2v0R58AfaZK9VXDQ4TogOSEmICVrQAA3zFnHQ==",
      "dev": true,
      "requires": {
        "estree-walker": "^2.0.1",
        "picomatch": "^2.2.2"
      }
    },
    "@sveltejs/vite-plugin-svelte": {
      "version": "1.0.0-next.9",
      "resolved": "https://registry.npmjs.org/@sveltejs/vite-plugin-svelte/-/vite-plugin-svelte-1.0.0-next.9.tgz",
      "integrity": "sha512-ySB/GJsZV3h3jqjq5WIiaxVFkJK6vqtG9gS7Iw6SfUH9ZiFNw5JjQF69g68j9cNep3q4yRIYiG5/pI3YIdXEuA==",
      "dev": true,
      "requires": {
        "@rollup/pluginutils": "^4.1.0",
        "chalk": "^4.1.1",
        "debug": "^4.3.2",
        "hash-sum": "^2.0.0",
        "require-relative": "^0.8.7",
        "slash": "^4.0.0",
        "source-map": "^0.7.3",
        "svelte-hmr": "^0.14.2"
      }
    },
    "ansi-styles": {
      "version": "4.3.0",
      "resolved": "https://registry.npmjs.org/ansi-styles/-/ansi-styles-4.3.0.tgz",
      "integrity": "sha512-zbB9rCJAT1rbjiVDb2hqKFHNYLxgtk8NURxZ3IZwD3F6NtxbXZQCnnSi1Lkx+IDohdPlFp222wVALIheZJQSEg==",
      "dev": true,
      "requires": {
        "color-convert": "^2.0.1"
      }
    },
    "chalk": {
      "version": "4.1.1",
      "resolved": "https://registry.npmjs.org/chalk/-/chalk-4.1.1.tgz",
      "integrity": "sha512-diHzdDKxcU+bAsUboHLPEDQiw0qEe0qd7SYUn3HgcFlWgbDcfLGswOHYeGrHKzG9z6UYf01d9VFMfZxPM1xZSg==",
      "dev": true,
      "requires": {
        "ansi-styles": "^4.1.0",
        "supports-color": "^7.1.0"
      }
    },
    "color-convert": {
      "version": "2.0.1",
      "resolved": "https://registry.npmjs.org/color-convert/-/color-convert-2.0.1.tgz",
      "integrity": "sha512-RRECPsj7iu/xb5oKYcsFHSppFNnsj/52OVTRKb4zP5onXwVF3zVmmToNcOfGC+CRDpfK/U584fMg38ZHCaElKQ==",
      "dev": true,
      "requires": {
        "color-name": "~1.1.4"
      }
    },
    "color-name": {
      "version": "1.1.4",
      "resolved": "https://registry.npmjs.org/color-name/-/color-name-1.1.4.tgz",
      "integrity": "sha512-dOy+3AuW3a2wNbZHIuMZpTcgjGuLU/uBL/ubcZF9OXbDo8ff4O8yVp5Bf0efS8uEoYo5q4Fx7dY9OgQGXgAsQA==",
      "dev": true
    },
    "colorette": {
      "version": "1.2.2",
      "resolved": "https://registry.npmjs.org/colorette/-/colorette-1.2.2.tgz",
      "integrity": "sha512-MKGMzyfeuutC/ZJ1cba9NqcNpfeqMUcYmyF1ZFY6/Cn7CNSAKx6a+s48sqLqyAiZuaP2TcqMhoo+dlwFnVxT9w==",
      "dev": true
    },
    "debug": {
      "version": "4.3.2",
      "resolved": "https://registry.npmjs.org/debug/-/debug-4.3.2.tgz",
      "integrity": "sha512-mOp8wKcvj7XxC78zLgw/ZA+6TSgkoE2C/ienthhRD298T7UNwAg9diBpLRxC0mOezLl4B0xV7M0cCO6P/O0Xhw==",
      "dev": true,
      "requires": {
        "ms": "2.1.2"
      }
    },
    "esbuild": {
      "version": "0.9.7",
      "resolved": "https://registry.npmjs.org/esbuild/-/esbuild-0.9.7.tgz",
      "integrity": "sha512-VtUf6aQ89VTmMLKrWHYG50uByMF4JQlVysb8dmg6cOgW8JnFCipmz7p+HNBl+RR3LLCuBxFGVauAe2wfnF9bLg==",
      "dev": true
    },
    "estree-walker": {
      "version": "2.0.2",
      "resolved": "https://registry.npmjs.org/estree-walker/-/estree-walker-2.0.2.tgz",
      "integrity": "sha512-Rfkk/Mp/DL7JVje3u18FxFujQlTNR2q6QfMSMB7AvCBx91NGj/ba3kCfza0f6dVDbw7YlRf/nDrn7pQrCCyQ/w==",
      "dev": true
    },
    "fake-xml-http-request": {
      "version": "2.1.2",
      "resolved": "https://registry.npmjs.org/fake-xml-http-request/-/fake-xml-http-request-2.1.2.tgz",
      "integrity": "sha512-HaFMBi7r+oEC9iJNpc3bvcW7Z7iLmM26hPDmlb0mFwyANSsOQAtJxbdWsXITKOzZUyMYK0zYCv3h5yDj9TsiXg=="
    },
    "fsevents": {
      "version": "2.3.2",
      "resolved": "https://registry.npmjs.org/fsevents/-/fsevents-2.3.2.tgz",
      "integrity": "sha512-xiqMQR4xAeHTuB9uWm+fFRcIOgKBMiOBP+eXiyT7jsgVCq1bkVygt00oASowB7EdtpOHaaPgKt812P9ab+DDKA==",
      "dev": true,
      "optional": true
    },
    "function-bind": {
      "version": "1.1.1",
      "resolved": "https://registry.npmjs.org/function-bind/-/function-bind-1.1.1.tgz",
      "integrity": "sha512-yIovAzMX49sF8Yl58fSCWJ5svSLuaibPxXQJFLmBObTuCr0Mf1KiPopGM9NiFjiYBCbfaa2Fh6breQ6ANVTI0A==",
      "dev": true
    },
    "has": {
      "version": "1.0.3",
      "resolved": "https://registry.npmjs.org/has/-/has-1.0.3.tgz",
      "integrity": "sha512-f2dvO0VU6Oej7RkWJGrehjbzMAjFp5/VKPp5tTpWIV4JHHZK1/BxbFRtf/siA2SWTe09caDmVtYYzWEIbBS4zw==",
      "dev": true,
      "requires": {
        "function-bind": "^1.1.1"
      }
    },
    "has-flag": {
      "version": "4.0.0",
      "resolved": "https://registry.npmjs.org/has-flag/-/has-flag-4.0.0.tgz",
      "integrity": "sha512-EykJT/Q1KjTWctppgIAgfSO0tKVuZUjhgMr17kqTumMl6Afv3EISleU7qZUzoXDFTAHTDC4NOoG/ZxU3EvlMPQ==",
      "dev": true
    },
    "hash-sum": {
      "version": "2.0.0",
      "resolved": "https://registry.npmjs.org/hash-sum/-/hash-sum-2.0.0.tgz",
      "integrity": "sha512-WdZTbAByD+pHfl/g9QSsBIIwy8IT+EsPiKDs0KNX+zSHhdDLFKdZu0BQHljvO+0QI/BasbMSUa8wYNCZTvhslg==",
      "dev": true
    },
    "inflected": {
      "version": "2.1.0",
      "resolved": "https://registry.npmjs.org/inflected/-/inflected-2.1.0.tgz",
      "integrity": "sha512-hAEKNxvHf2Iq3H60oMBHkB4wl5jn3TPF3+fXek/sRwAB5gP9xWs4r7aweSF95f99HFoz69pnZTcu8f0SIHV18w=="
    },
    "is-core-module": {
      "version": "2.3.0",
      "resolved": "https://registry.npmjs.org/is-core-module/-/is-core-module-2.3.0.tgz",
      "integrity": "sha512-xSphU2KG9867tsYdLD4RWQ1VqdFl4HTO9Thf3I/3dLEfr0dbPTWKsuCKrgqMljg4nPE+Gq0VCnzT3gr0CyBmsw==",
      "dev": true,
      "requires": {
        "has": "^1.0.3"
      }
    },
    "lodash.assign": {
      "version": "4.2.0",
      "resolved": "https://registry.npmjs.org/lodash.assign/-/lodash.assign-4.2.0.tgz",
      "integrity": "sha1-DZnzzNem0mHRm9rrkkUAXShYCOc="
    },
    "lodash.camelcase": {
      "version": "4.3.0",
      "resolved": "https://registry.npmjs.org/lodash.camelcase/-/lodash.camelcase-4.3.0.tgz",
      "integrity": "sha1-soqmKIorn8ZRA1x3EfZathkDMaY="
    },
    "lodash.clonedeep": {
      "version": "4.5.0",
      "resolved": "https://registry.npmjs.org/lodash.clonedeep/-/lodash.clonedeep-4.5.0.tgz",
      "integrity": "sha1-4j8/nE+Pvd6HJSnBBxhXoIblzO8="
    },
    "lodash.compact": {
      "version": "3.0.1",
      "resolved": "https://registry.npmjs.org/lodash.compact/-/lodash.compact-3.0.1.tgz",
      "integrity": "sha1-VAzjg3dFl1gHRx4WtKK6IeclbKU="
    },
    "lodash.find": {
      "version": "4.6.0",
      "resolved": "https://registry.npmjs.org/lodash.find/-/lodash.find-4.6.0.tgz",
      "integrity": "sha1-ywcE1Hq3F4n/oN6Ll92Sb7iLE7E="
    },
    "lodash.flatten": {
      "version": "4.4.0",
      "resolved": "https://registry.npmjs.org/lodash.flatten/-/lodash.flatten-4.4.0.tgz",
      "integrity": "sha1-8xwiIlqWMtK7+OSt2+8kCqdlph8="
    },
    "lodash.forin": {
      "version": "4.4.0",
      "resolved": "https://registry.npmjs.org/lodash.forin/-/lodash.forin-4.4.0.tgz",
      "integrity": "sha1-XT8grlZAEfvog4H32YlJyclRlzE="
    },
    "lodash.get": {
      "version": "4.4.2",
      "resolved": "https://registry.npmjs.org/lodash.get/-/lodash.get-4.4.2.tgz",
      "integrity": "sha1-LRd/ZS+jHpObRDjVNBSZ36OCXpk="
    },
    "lodash.has": {
      "version": "4.5.2",
      "resolved": "https://registry.npmjs.org/lodash.has/-/lodash.has-4.5.2.tgz",
      "integrity": "sha1-0Z9NwQlQWMzL4rDN9O4P5Ko3yGI="
    },
    "lodash.invokemap": {
      "version": "4.6.0",
      "resolved": "https://registry.npmjs.org/lodash.invokemap/-/lodash.invokemap-4.6.0.tgz",
      "integrity": "sha1-F0jNpdiw74NpxOs+xUwh/rofLWI="
    },
    "lodash.isempty": {
      "version": "4.4.0",
      "resolved": "https://registry.npmjs.org/lodash.isempty/-/lodash.isempty-4.4.0.tgz",
      "integrity": "sha1-b4bL7di+TsmHvpqvM8loTbGzHn4="
    },
    "lodash.isequal": {
      "version": "4.5.0",
      "resolved": "https://registry.npmjs.org/lodash.isequal/-/lodash.isequal-4.5.0.tgz",
      "integrity": "sha1-QVxEePK8wwEgwizhDtMib30+GOA="
    },
    "lodash.isfunction": {
      "version": "3.0.9",
      "resolved": "https://registry.npmjs.org/lodash.isfunction/-/lodash.isfunction-3.0.9.tgz",
      "integrity": "sha512-AirXNj15uRIMMPihnkInB4i3NHeb4iBtNg9WRWuK2o31S+ePwwNmDPaTL3o7dTJ+VXNZim7rFs4rxN4YU1oUJw=="
    },
    "lodash.isinteger": {
      "version": "4.0.4",
      "resolved": "https://registry.npmjs.org/lodash.isinteger/-/lodash.isinteger-4.0.4.tgz",
      "integrity": "sha1-YZwK89A/iwTDH1iChAt3sRzWg0M="
    },
    "lodash.isplainobject": {
      "version": "4.0.6",
      "resolved": "https://registry.npmjs.org/lodash.isplainobject/-/lodash.isplainobject-4.0.6.tgz",
      "integrity": "sha1-fFJqUtibRcRcxpC4gWO+BJf1UMs="
    },
    "lodash.lowerfirst": {
      "version": "4.3.1",
      "resolved": "https://registry.npmjs.org/lodash.lowerfirst/-/lodash.lowerfirst-4.3.1.tgz",
      "integrity": "sha1-3jx7EuAsZSSgBZwvbLfFxSZVoT0="
    },
    "lodash.map": {
      "version": "4.6.0",
      "resolved": "https://registry.npmjs.org/lodash.map/-/lodash.map-4.6.0.tgz",
      "integrity": "sha1-dx7Hg540c9nEzeKLGTlMNWL09tM="
    },
    "lodash.mapvalues": {
      "version": "4.6.0",
      "resolved": "https://registry.npmjs.org/lodash.mapvalues/-/lodash.mapvalues-4.6.0.tgz",
      "integrity": "sha1-G6+lAF3p3W9PJmaMMMo3IwzJaJw="
    },
    "lodash.pick": {
      "version": "4.4.0",
      "resolved": "https://registry.npmjs.org/lodash.pick/-/lodash.pick-4.4.0.tgz",
      "integrity": "sha1-UvBWEP/53tQiYRRB7R/BI6AwAbM="
    },
    "lodash.snakecase": {
      "version": "4.1.1",
      "resolved": "https://registry.npmjs.org/lodash.snakecase/-/lodash.snakecase-4.1.1.tgz",
      "integrity": "sha1-OdcUo1NXFHg3rv1ktdy7Fr7Nj40="
    },
    "lodash.uniq": {
      "version": "4.5.0",
      "resolved": "https://registry.npmjs.org/lodash.uniq/-/lodash.uniq-4.5.0.tgz",
      "integrity": "sha1-0CJTc662Uq3BvILklFM5qEJ1R3M="
    },
    "lodash.uniqby": {
      "version": "4.7.0",
      "resolved": "https://registry.npmjs.org/lodash.uniqby/-/lodash.uniqby-4.7.0.tgz",
      "integrity": "sha1-2ZwHpmnp5tJOE2Lf4mbGdhavEwI="
    },
    "lodash.values": {
      "version": "4.3.0",
      "resolved": "https://registry.npmjs.org/lodash.values/-/lodash.values-4.3.0.tgz",
      "integrity": "sha1-o6bCsOvsxcLLocF+bmIP6BtT00c="
    },
    "miragejs": {
      "version": "0.1.41",
      "resolved": "https://registry.npmjs.org/miragejs/-/miragejs-0.1.41.tgz",
      "integrity": "sha512-ur8x7sBskgey64vdzKGVCVC3hgKXWl2Cg5lZbxd6OmKrhr9LCCP/Bv7qh4wsQxIMHZnENxybFATXnrQ+rzSOWQ==",
      "requires": {
        "@miragejs/pretender-node-polyfill": "^0.1.0",
        "inflected": "^2.0.4",
        "lodash.assign": "^4.2.0",
        "lodash.camelcase": "^4.3.0",
        "lodash.clonedeep": "^4.5.0",
        "lodash.compact": "^3.0.1",
        "lodash.find": "^4.6.0",
        "lodash.flatten": "^4.4.0",
        "lodash.forin": "^4.4.0",
        "lodash.get": "^4.4.2",
        "lodash.has": "^4.5.2",
        "lodash.invokemap": "^4.6.0",
        "lodash.isempty": "^4.4.0",
        "lodash.isequal": "^4.5.0",
        "lodash.isfunction": "^3.0.9",
        "lodash.isinteger": "^4.0.4",
        "lodash.isplainobject": "^4.0.6",
        "lodash.lowerfirst": "^4.3.1",
        "lodash.map": "^4.6.0",
        "lodash.mapvalues": "^4.6.0",
        "lodash.pick": "^4.4.0",
        "lodash.snakecase": "^4.1.1",
        "lodash.uniq": "^4.5.0",
        "lodash.uniqby": "^4.7.0",
        "lodash.values": "^4.3.0",
        "pretender": "^3.4.3"
      }
    },
    "ms": {
      "version": "2.1.2",
      "resolved": "https://registry.npmjs.org/ms/-/ms-2.1.2.tgz",
      "integrity": "sha512-sGkPx+VjMtmA6MX27oA4FBFELFCZZ4S4XqeGOXCv68tT+jb3vk/RyaKWP0PTKyWtmLSM0b+adUTEvbs1PEaH2w==",
      "dev": true
    },
    "nanoid": {
      "version": "3.1.22",
      "resolved": "https://registry.npmjs.org/nanoid/-/nanoid-3.1.22.tgz",
      "integrity": "sha512-/2ZUaJX2ANuLtTvqTlgqBQNJoQO398KyJgZloL0PZkC0dpysjncRUPsFe3DUPzz/y3h+u7C46np8RMuvF3jsSQ==",
      "dev": true
    },
    "path-parse": {
      "version": "1.0.6",
      "resolved": "https://registry.npmjs.org/path-parse/-/path-parse-1.0.6.tgz",
      "integrity": "sha512-GSmOT2EbHrINBf9SR7CDELwlJ8AENk3Qn7OikK4nFYAu3Ote2+JYNVvkpAEQm3/TLNEJFD/xZJjzyxg3KBWOzw==",
      "dev": true
    },
    "picomatch": {
      "version": "2.2.3",
      "resolved": "https://registry.npmjs.org/picomatch/-/picomatch-2.2.3.tgz",
      "integrity": "sha512-KpELjfwcCDUb9PeigTs2mBJzXUPzAuP2oPcA989He8Rte0+YUAjw1JVedDhuTKPkHjSYzMN3npC9luThGYEKdg==",
      "dev": true
    },
    "postcss": {
      "version": "8.2.13",
      "resolved": "https://registry.npmjs.org/postcss/-/postcss-8.2.13.tgz",
      "integrity": "sha512-FCE5xLH+hjbzRdpbRb1IMCvPv9yZx2QnDarBEYSN0N0HYk+TcXsEhwdFcFb+SRWOKzKGErhIEbBK2ogyLdTtfQ==",
      "dev": true,
      "requires": {
        "colorette": "^1.2.2",
        "nanoid": "^3.1.22",
        "source-map": "^0.6.1"
      },
      "dependencies": {
        "source-map": {
          "version": "0.6.1",
          "resolved": "https://registry.npmjs.org/source-map/-/source-map-0.6.1.tgz",
          "integrity": "sha512-UjgapumWlbMhkBgzT7Ykc5YXUT46F0iKu8SGXq0bcwP5dz/h0Plj6enJqjz1Zbq2l5WaqYnrVbwWOWMyF3F47g==",
          "dev": true
        }
      }
    },
    "pretender": {
      "version": "3.4.3",
      "resolved": "https://registry.npmjs.org/pretender/-/pretender-3.4.3.tgz",
      "integrity": "sha512-AlbkBly9R8KR+R0sTCJ/ToOeEoUMtt52QVCetui5zoSmeLOU3S8oobFsyPLm1O2txR6t58qDNysqPnA1vVi8Hg==",
      "requires": {
        "fake-xml-http-request": "^2.1.1",
        "route-recognizer": "^0.3.3"
      }
    },
    "prettier": {
      "version": "2.2.1",
      "resolved": "https://registry.npmjs.org/prettier/-/prettier-2.2.1.tgz",
      "integrity": "sha512-PqyhM2yCjg/oKkFPtTGUojv7gnZAoG80ttl45O6x2Ug/rMJw4wcc9k6aaf2hibP7BGVCCM33gZoGjyvt9mm16Q==",
      "dev": true
    },
    "require-relative": {
      "version": "0.8.7",
      "resolved": "https://registry.npmjs.org/require-relative/-/require-relative-0.8.7.tgz",
      "integrity": "sha1-eZlTn8ngR6N5KPoZb44VY9q9Nt4=",
      "dev": true
    },
    "resolve": {
      "version": "1.20.0",
      "resolved": "https://registry.npmjs.org/resolve/-/resolve-1.20.0.tgz",
      "integrity": "sha512-wENBPt4ySzg4ybFQW2TT1zMQucPK95HSh/nq2CFTZVOGut2+pQvSsgtda4d26YrYcr067wjbmzOG8byDPBX63A==",
      "dev": true,
      "requires": {
        "is-core-module": "^2.2.0",
        "path-parse": "^1.0.6"
      }
    },
    "rollup": {
      "version": "2.47.0",
      "resolved": "https://registry.npmjs.org/rollup/-/rollup-2.47.0.tgz",
      "integrity": "sha512-rqBjgq9hQfW0vRmz+0S062ORRNJXvwRpzxhFXORvar/maZqY6za3rgQ/p1Glg+j1hnc1GtYyQCPiAei95uTElg==",
      "dev": true,
      "requires": {
        "fsevents": "~2.3.1"
      }
    },
    "route-recognizer": {
      "version": "0.3.4",
      "resolved": "https://registry.npmjs.org/route-recognizer/-/route-recognizer-0.3.4.tgz",
      "integrity": "sha512-2+MhsfPhvauN1O8KaXpXAOfR/fwe8dnUXVM+xw7yt40lJRfPVQxV6yryZm0cgRvAj5fMF/mdRZbL2ptwbs5i2g=="
    },
    "slash": {
      "version": "4.0.0",
      "resolved": "https://registry.npmjs.org/slash/-/slash-4.0.0.tgz",
      "integrity": "sha512-3dOsAHXXUkQTpOYcoAxLIorMTp4gIQr5IW3iVb7A7lFIp0VHhnynm9izx6TssdrIcVIESAlVjtnO2K8bg+Coew==",
      "dev": true
    },
    "source-map": {
      "version": "0.7.3",
      "resolved": "https://registry.npmjs.org/source-map/-/source-map-0.7.3.tgz",
      "integrity": "sha512-CkCj6giN3S+n9qrYiBTX5gystlENnRW5jZeNLHpe6aue+SrHcG5VYwujhW9s4dY31mEGsxBDrHR6oI69fTXsaQ==",
      "dev": true
    },
    "supports-color": {
      "version": "7.2.0",
      "resolved": "https://registry.npmjs.org/supports-color/-/supports-color-7.2.0.tgz",
      "integrity": "sha512-qpCAvRl9stuOHveKsn7HncJRvv501qIacKzQlO/+Lwxc9+0q2wLyv4Dfvt80/DPn2pqOBsJdDiogXGR9+OvwRw==",
      "dev": true,
      "requires": {
        "has-flag": "^4.0.0"
      }
    },
    "svelte": {
      "version": "3.38.2",
      "resolved": "https://registry.npmjs.org/svelte/-/svelte-3.38.2.tgz",
      "integrity": "sha512-q5Dq0/QHh4BLJyEVWGe7Cej5NWs040LWjMbicBGZ+3qpFWJ1YObRmUDZKbbovddLC9WW7THTj3kYbTOFmU9fbg==",
      "dev": true
    },
    "svelte-hmr": {
      "version": "0.14.3",
      "resolved": "https://registry.npmjs.org/svelte-hmr/-/svelte-hmr-0.14.3.tgz",
      "integrity": "sha512-N56xX405zLMw2tpGHKRx5h+kmdeZwxI21pvyC6OyBHJDCF6DlwWBm9TifdQmSD4dloWSmpDPzHWYa3CSjfopUg==",
      "dev": true
    },
    "tinro": {
      "version": "0.6.1",
      "resolved": "https://registry.npmjs.org/tinro/-/tinro-0.6.1.tgz",
      "integrity": "sha512-fraFMuJeHfMC+xqGhCf30kn+lgrBk8aWcrWSO9aeKTgVYr8Ds3dVzV0JVTFla5GB22/jOqO74VHCvU6KGUhbZA=="
    },
    "vite": {
      "version": "2.2.4",
      "resolved": "https://registry.npmjs.org/vite/-/vite-2.2.4.tgz",
      "integrity": "sha512-vnIwSNci+phFMp6krhy+FbYzKL0R67Sdt9mVZ96S27AewrApSJjTqncJcalk8sf60BgcbW4+1C6DFIWkxquO9g==",
      "dev": true,
      "requires": {
        "esbuild": "^0.9.3",
        "fsevents": "~2.3.1",
        "postcss": "^8.2.1",
        "resolve": "^1.19.0",
        "rollup": "^2.38.5"
      }
    }
  }
}
